
Microsoft Visual Studio Solution File, Format Version 12.00
# Visual Studio Version 17
VisualStudioVersion = 17.10.35004.147
MinimumVisualStudioVersion = 10.0.40219.1
Project("{FAE04EC0-301F-11D3-BF4B-00C04F79EFBC}") = "thu_btl", "thu_btl.csproj", "{3F4A12CB-8071-4F4B-8F96-DD79401CF487}"
EndProject
Global
	GlobalSection(SolutionConfigurationPlatforms) = preSolution
		Debug|Any CPU = Debug|Any CPU
		Release|Any CPU = Release|Any CPU
	EndGlobalSection
	GlobalSection(ProjectConfigurationPlatforms) = postSolution
		{3F4A12CB-8071-4F4B-8F96-DD79401CF487}.Debug|Any CPU.ActiveCfg = Debug|Any CPU
		{3F4A12CB-8071-4F4B-8F96-DD79401CF487}.Debug|Any CPU.Build.0 = Debug|Any CPU
		{3F4A12CB-8071-4F4B-8F96-DD79401CF487}.Release|Any CPU.ActiveCfg = Release|Any CPU
		{3F4A12CB-8071-4F4B-8F96-DD79401CF487}.Release|Any CPU.Build.0 = Release|Any CPU
	EndGlobalSection
	GlobalSection(SolutionProperties) = preSolution
		HideSolutionNode = FALSE
	EndGlobalSection
	GlobalSection(ExtensibilityGlobals) = postSolution
		SolutionGuid = {85DBDCC6-F2A3-4EA9-A453-9EA4542672C3}
	EndGlobalSection
EndGlobal
